
Microsoft Visual Studio Solution File, Format Version 12.00
# Visual Studio 15
VisualStudioVersion = 15.0.27703.2035
MinimumVisualStudioVersion = 10.0.40219.1
Project("{FAE04EC0-301F-11D3-BF4B-00C04F79EFBC}") = "BitcoinApp.Android", "BitcoinApp\BitcoinApp.Android\BitcoinApp.Android.csproj", "{0B32363B-4117-4C3D-A316-F8EE330C39E5}"
EndProject
Project("{FAE04EC0-301F-11D3-BF4B-00C04F79EFBC}") = "BitcoinApp", "BitcoinApp\BitcoinApp\BitcoinApp.csproj", "{58801F04-26F6-467C-A157-273F966E39A3}"
EndProject
Global
	GlobalSection(SolutionConfigurationPlatforms) = preSolution
		Debug|Any CPU = Debug|Any CPU
		Release|Any CPU = Release|Any CPU
	EndGlobalSection
	GlobalSection(ProjectConfigurationPlatforms) = postSolution
		{0B32363B-4117-4C3D-A316-F8EE330C39E5}.Debug|Any CPU.ActiveCfg = Debug|Any CPU
		{0B32363B-4117-4C3D-A316-F8EE330C39E5}.Debug|Any CPU.Build.0 = Debug|Any CPU
		{0B32363B-4117-4C3D-A316-F8EE330C39E5}.Debug|Any CPU.Deploy.0 = Debug|Any CPU
		{0B32363B-4117-4C3D-A316-F8EE330C39E5}.Release|Any CPU.ActiveCfg = Release|Any CPU
		{0B32363B-4117-4C3D-A316-F8EE330C39E5}.Release|Any CPU.Build.0 = Release|Any CPU
		{0B32363B-4117-4C3D-A316-F8EE330C39E5}.Release|Any CPU.Deploy.0 = Release|Any CPU
		{58801F04-26F6-467C-A157-273F966E39A3}.Debug|Any CPU.ActiveCfg = Debug|Any CPU
		{58801F04-26F6-467C-A157-273F966E39A3}.Debug|Any CPU.Build.0 = Debug|Any CPU
		{58801F04-26F6-467C-A157-273F966E39A3}.Debug|Any CPU.Deploy.0 = Debug|Any CPU
		{58801F04-26F6-467C-A157-273F966E39A3}.Release|Any CPU.ActiveCfg = Release|Any CPU
		{58801F04-26F6-467C-A157-273F966E39A3}.Release|Any CPU.Build.0 = Release|Any CPU
		{58801F04-26F6-467C-A157-273F966E39A3}.Release|Any CPU.Deploy.0 = Release|Any CPU
	EndGlobalSection
	GlobalSection(SolutionProperties) = preSolution
		HideSolutionNode = FALSE
	EndGlobalSection
	GlobalSection(ExtensibilityGlobals) = postSolution
		SolutionGuid = {CDFFF626-6CDA-4D70-9D4E-12508C42CE7A}
	EndGlobalSection
EndGlobal
